PODS:
  - Realm (10.24.2):
    - Realm/Headers (= 10.24.2)
  - Realm/Headers (10.24.2)
  - RealmSwift (10.24.2):
    - Realm (= 10.24.2)
  - SwipeCellKit (2.7.1)

DEPENDENCIES:
  - RealmSwift
  - SwipeCellKit

SPEC REPOS:
  trunk:
    - Realm
    - RealmSwift
    - SwipeCellKit

SPEC CHECKSUMS:
  Realm: c8421eee9ff92b16b4f91a313b5cc695c37c1921
  RealmSwift: 10ed6fa09c36aaaff55e12afdc71802ec3ddb1c0
  SwipeCellKit: 3972254a826da74609926daf59b08d6c72e619ea

PODFILE CHECKSUM: 58bf550d0880c9bd104b54f74f1ddff78579115d

COCOAPODS: 1.11.3
