// !$*UTF8*$!
{
	archiveVersion = 1;
	classes = {
	};
	objectVersion = 51;
	objects = {

/* Begin PBXBuildFile section */
		ED2B92D6238FEDFE00032C64 /* Item.swift in Sources */ = {isa = PBXBuildFile; fileRef = ED2B92D5238FEDFE00032C64 /* Item.swift */; };
		ED2B92D8238FEE1C00032C64 /* Category.swift in Sources */ = {isa = PBXBuildFile; fileRef = ED2B92D7238FEE1C00032C64 /* Category.swift */; };
		ED76B4F7238D5A3300954888 /* CategoryViewController.swift in Sources */ = {isa = PBXBuildFile; fileRef = ED76B4F6238D5A3300954888 /* CategoryViewController.swift */; };
		EDB167342387E87C00962BE1 /* AppDelegate.swift in Sources */ = {isa = PBXBuildFile; fileRef = EDB167332387E87C00962BE1 /* AppDelegate.swift */; };
		EDB167362387E87C00962BE1 /* SceneDelegate.swift in Sources */ = {isa = PBXBuildFile; fileRef = EDB167352387E87C00962BE1 /* SceneDelegate.swift */; };
		EDB167382387E87C00962BE1 /* TodoListViewController.swift in Sources */ = {isa = PBXBuildFile; fileRef = EDB167372387E87C00962BE1 /* TodoListViewController.swift */; };
		EDB1673B2387E87C00962BE1 /* Main.storyboard in Resources */ = {isa = PBXBuildFile; fileRef = EDB167392387E87C00962BE1 /* Main.storyboard */; };
		EDB1673D2387E87D00962BE1 /* Assets.xcassets in Resources */ = {isa = PBXBuildFile; fileRef = EDB1673C2387E87D00962BE1 /* Assets.xcassets */; };
		EDB167402387E87D00962BE1 /* LaunchScreen.storyboard in Resources */ = {isa = PBXBuildFile; fileRef = EDB1673E2387E87D00962BE1 /* LaunchScreen.storyboard */; };
		EDBAE5CD23954D5500D720C4 /* SwipeTableViewController.swift in Sources */ = {isa = PBXBuildFile; fileRef = EDBAE5CC23954D5500D720C4 /* SwipeTableViewController.swift */; };
		EE12075CE51C5F7F79B04DB6 /* Pods_Todoey.framework in Frameworks */ = {isa = PBXBuildFile; fileRef = FB9887F5F2EE0F4E8551F24D /* Pods_Todoey.framework */; };
/* End PBXBuildFile section */

/* Begin PBXFileReference section */
		AD5E84575C753552BE0BE16E /* Pods-Todoey.release.xcconfig */ = {isa = PBXFileReference; includeInIndex = 1; lastKnownFileType = text.xcconfig; name = "Pods-Todoey.release.xcconfig"; path = "Target Support Files/Pods-Todoey/Pods-Todoey.release.xcconfig"; sourceTree = "<group>"; };
		C9AE313C75E03F39417CC882 /* Pods-Todoey.debug.xcconfig */ = {isa = PBXFileReference; includeInIndex = 1; lastKnownFileType = text.xcconfig; name = "Pods-Todoey.debug.xcconfig"; path = "Target Support Files/Pods-Todoey/Pods-Todoey.debug.xcconfig"; sourceTree = "<group>"; };
		ED2B92D5238FEDFE00032C64 /* Item.swift */ = {isa = PBXFileReference; lastKnownFileType = sourcecode.swift; path = Item.swift; sourceTree = "<group>"; };
		ED2B92D7238FEE1C00032C64 /* Category.swift */ = {isa = PBXFileReference; lastKnownFileType = sourcecode.swift; path = Category.swift; sourceTree = "<group>"; };
		ED76B4F6238D5A3300954888 /* CategoryViewController.swift */ = {isa = PBXFileReference; lastKnownFileType = sourcecode.swift; path = CategoryViewController.swift; sourceTree = "<group>"; };
		EDB167302387E87C00962BE1 /* Todoey.app */ = {isa = PBXFileReference; explicitFileType = wrapper.application; includeInIndex = 0; path = Todoey.app; sourceTree = BUILT_PRODUCTS_DIR; };
		EDB167332387E87C00962BE1 /* AppDelegate.swift */ = {isa = PBXFileReference; lastKnownFileType = sourcecode.swift; path = AppDelegate.swift; sourceTree = "<group>"; };
		EDB167352387E87C00962BE1 /* SceneDelegate.swift */ = {isa = PBXFileReference; lastKnownFileType = sourcecode.swift; path = SceneDelegate.swift; sourceTree = "<group>"; };
		EDB167372387E87C00962BE1 /* TodoListViewController.swift */ = {isa = PBXFileReference; lastKnownFileType = sourcecode.swift; path = TodoListViewController.swift; sourceTree = "<group>"; };
		EDB1673A2387E87C00962BE1 /* Base */ = {isa = PBXFileReference; lastKnownFileType = file.storyboard; name = Base; path = Base.lproj/Main.storyboard; sourceTree = "<group>"; };
		EDB1673C2387E87D00962BE1 /* Assets.xcassets */ = {isa = PBXFileReference; lastKnownFileType = folder.assetcatalog; path = Assets.xcassets; sourceTree = "<group>"; };
		EDB1673F2387E87D00962BE1 /* Base */ = {isa = PBXFileReference; lastKnownFileType = file.storyboard; name = Base; path = Base.lproj/LaunchScreen.storyboard; sourceTree = "<group>"; };
		EDB167412387E87D00962BE1 /* Info.plist */ = {isa = PBXFileReference; lastKnownFileType = text.plist.xml; path = Info.plist; sourceTree = "<group>"; };
		EDBAE5CC23954D5500D720C4 /* SwipeTableViewController.swift */ = {isa = PBXFileReference; lastKnownFileType = sourcecode.swift; path = SwipeTableViewController.swift; sourceTree = "<group>"; };
		FB9887F5F2EE0F4E8551F24D /* Pods_Todoey.framework */ = {isa = PBXFileReference; explicitFileType = wrapper.framework; includeInIndex = 0; path = Pods_Todoey.framework; sourceTree = BUILT_PRODUCTS_DIR; };
/* End PBXFileReference section */

/* Begin PBXFrameworksBuildPhase section */
		EDB1672D2387E87C00962BE1 /* Frameworks */ = {
			isa = PBXFrameworksBuildPhase;
			buildActionMask = 2147483647;
			files = (
				EE12075CE51C5F7F79B04DB6 /* Pods_Todoey.framework in Frameworks */,
			);
			runOnlyForDeploymentPostprocessing = 0;
		};
/* End PBXFrameworksBuildPhase section */

/* Begin PBXGroup section */
		33891EF09E52FD91D82CC7DD /* Pods */ = {
			isa = PBXGroup;
			children = (
				C9AE313C75E03F39417CC882 /* Pods-Todoey.debug.xcconfig */,
				AD5E84575C753552BE0BE16E /* Pods-Todoey.release.xcconfig */,
			);
			path = Pods;
			sourceTree = "<group>";
		};
		4FC0B8287CE751DADB30760D /* Frameworks */ = {
			isa = PBXGroup;
			children = (
				FB9887F5F2EE0F4E8551F24D /* Pods_Todoey.framework */,
			);
			name = Frameworks;
			sourceTree = "<group>";
		};
		EDB167272387E87C00962BE1 = {
			isa = PBXGroup;
			children = (
				EDB167322387E87C00962BE1 /* Todoey */,
				EDB167312387E87C00962BE1 /* Products */,
				33891EF09E52FD91D82CC7DD /* Pods */,
				4FC0B8287CE751DADB30760D /* Frameworks */,
			);
			sourceTree = "<group>";
		};
		EDB167312387E87C00962BE1 /* Products */ = {
			isa = PBXGroup;
			children = (
				EDB167302387E87C00962BE1 /* Todoey.app */,
			);
			name = Products;
			sourceTree = "<group>";
		};
		EDB167322387E87C00962BE1 /* Todoey */ = {
			isa = PBXGroup;
			children = (
				EDB167332387E87C00962BE1 /* AppDelegate.swift */,
				EDB167352387E87C00962BE1 /* SceneDelegate.swift */,
				EDB1674A2388153D00962BE1 /* Controllers */,
				EDB167492388151E00962BE1 /* Data Model */,
				EDB1674B2388154C00962BE1 /* Views */,
				EDB1674C2388157E00962BE1 /* Supporting Files */,
				EDB167412387E87D00962BE1 /* Info.plist */,
			);
			path = Todoey;
			sourceTree = "<group>";
		};
		EDB167492388151E00962BE1 /* Data Model */ = {
			isa = PBXGroup;
			children = (
				ED2B92D7238FEE1C00032C64 /* Category.swift */,
				ED2B92D5238FEDFE00032C64 /* Item.swift */,
			);
			path = "Data Model";
			sourceTree = "<group>";
		};
		EDB1674A2388153D00962BE1 /* Controllers */ = {
			isa = PBXGroup;
			children = (
				ED76B4F6238D5A3300954888 /* CategoryViewController.swift */,
				EDB167372387E87C00962BE1 /* TodoListViewController.swift */,
				EDBAE5CC23954D5500D720C4 /* SwipeTableViewController.swift */,
			);
			path = Controllers;
			sourceTree = "<group>";
		};
		EDB1674B2388154C00962BE1 /* Views */ = {
			isa = PBXGroup;
			children = (
				EDB167392387E87C00962BE1 /* Main.storyboard */,
			);
			path = Views;
			sourceTree = "<group>";
		};
		EDB1674C2388157E00962BE1 /* Supporting Files */ = {
			isa = PBXGroup;
			children = (
				EDB1673C2387E87D00962BE1 /* Assets.xcassets */,
				EDB1673E2387E87D00962BE1 /* LaunchScreen.storyboard */,
			);
			path = "Supporting Files";
			sourceTree = "<group>";
		};
/* End PBXGroup section */

/* Begin PBXNativeTarget section */
		EDB1672F2387E87C00962BE1 /* Todoey */ = {
			isa = PBXNativeTarget;
			buildConfigurationList = EDB167442387E87D00962BE1 /* Build configuration list for PBXNativeTarget "Todoey" */;
			buildPhases = (
				6365639AE0BBB69DA106BAD8 /* [CP] Check Pods Manifest.lock */,
				EDB1672C2387E87C00962BE1 /* Sources */,
				EDB1672D2387E87C00962BE1 /* Frameworks */,
				EDB1672E2387E87C00962BE1 /* Resources */,
				04A759D54625ED653FFC10DB /* [CP] Embed Pods Frameworks */,
			);
			buildRules = (
			);
			dependencies = (
			);
			name = Todoey;
			productName = Todoey;
			productReference = EDB167302387E87C00962BE1 /* Todoey.app */;
			productType = "com.apple.product-type.application";
		};
/* End PBXNativeTarget section */

/* Begin PBXProject section */
		EDB167282387E87C00962BE1 /* Project object */ = {
			isa = PBXProject;
			attributes = {
				LastSwiftUpdateCheck = 1110;
				LastUpgradeCheck = 1110;
				ORGANIZATIONNAME = Khislatjon;
				TargetAttributes = {
					EDB1672F2387E87C00962BE1 = {
						CreatedOnToolsVersion = 11.1;
					};
				};
			};
			buildConfigurationList = EDB1672B2387E87C00962BE1 /* Build configuration list for PBXProject "Todoey" */;
			compatibilityVersion = "Xcode 9.3";
			developmentRegion = en;
			hasScannedForEncodings = 0;
			knownRegions = (
				en,
				Base,
			);
			mainGroup = EDB167272387E87C00962BE1;
			productRefGroup = EDB167312387E87C00962BE1 /* Products */;
			projectDirPath = "";
			projectRoot = "";
			targets = (
				EDB1672F2387E87C00962BE1 /* Todoey */,
			);
		};
/* End PBXProject section */

/* Begin PBXResourcesBuildPhase section */
		EDB1672E2387E87C00962BE1 /* Resources */ = {
			isa = PBXResourcesBuildPhase;
			buildActionMask = 2147483647;
			files = (
				EDB167402387E87D00962BE1 /* LaunchScreen.storyboard in Resources */,
				EDB1673D2387E87D00962BE1 /* Assets.xcassets in Resources */,
				EDB1673B2387E87C00962BE1 /* Main.storyboard in Resources */,
			);
			runOnlyForDeploymentPostprocessing = 0;
		};
/* End PBXResourcesBuildPhase section */

/* Begin PBXShellScriptBuildPhase section */
		04A759D54625ED653FFC10DB /* [CP] Embed Pods Frameworks */ = {
			isa = PBXShellScriptBuildPhase;
			buildActionMask = 2147483647;
			files = (
			);
			inputFileListPaths = (
				"${PODS_ROOT}/Target Support Files/Pods-Todoey/Pods-Todoey-frameworks-${CONFIGURATION}-input-files.xcfilelist",
			);
			name = "[CP] Embed Pods Frameworks";
			outputFileListPaths = (
				"${PODS_ROOT}/Target Support Files/Pods-Todoey/Pods-Todoey-frameworks-${CONFIGURATION}-output-files.xcfilelist",
			);
			runOnlyForDeploymentPostprocessing = 0;
			shellPath = /bin/sh;
			shellScript = "\"${PODS_ROOT}/Target Support Files/Pods-Todoey/Pods-Todoey-frameworks.sh\"\n";
			showEnvVarsInLog = 0;
		};
		6365639AE0BBB69DA106BAD8 /* [CP] Check Pods Manifest.lock */ = {
			isa = PBXShellScriptBuildPhase;
			buildActionMask = 2147483647;
			files = (
			);
			inputFileListPaths = (
			);
			inputPaths = (
				"${PODS_PODFILE_DIR_PATH}/Podfile.lock",
				"${PODS_ROOT}/Manifest.lock",
			);
			name = "[CP] Check Pods Manifest.lock";
			outputFileListPaths = (
			);
			outputPaths = (
				"$(DERIVED_FILE_DIR)/Pods-Todoey-checkManifestLockResult.txt",
			);
			runOnlyForDeploymentPostprocessing = 0;
			shellPath = /bin/sh;
			shellScript = "diff \"${PODS_PODFILE_DIR_PATH}/Podfile.lock\" \"${PODS_ROOT}/Manifest.lock\" > /dev/null\nif [ $? != 0 ] ; then\n    # print error to STDERR\n    echo \"error: The sandbox is not in sync with the Podfile.lock. Run 'pod install' or update your CocoaPods installation.\" >&2\n    exit 1\nfi\n# This output is used by Xcode 'outputs' to avoid re-running this script phase.\necho \"SUCCESS\" > \"${SCRIPT_OUTPUT_FILE_0}\"\n";
			showEnvVarsInLog = 0;
		};
/* End PBXShellScriptBuildPhase section */

/* Begin PBXSourcesBuildPhase section */
		EDB1672C2387E87C00962BE1 /* Sources */ = {
			isa = PBXSourcesBuildPhase;
			buildActionMask = 2147483647;
			files = (
				ED76B4F7238D5A3300954888 /* CategoryViewController.swift in Sources */,
				EDB167382387E87C00962BE1 /* TodoListViewController.swift in Sources */,
				EDB167342387E87C00962BE1 /* AppDelegate.swift in Sources */,
				EDBAE5CD23954D5500D720C4 /* SwipeTableViewController.swift in Sources */,
				ED2B92D6238FEDFE00032C64 /* Item.swift in Sources */,
				EDB167362387E87C00962BE1 /* SceneDelegate.swift in Sources */,
				ED2B92D8238FEE1C00032C64 /* Category.swift in Sources */,
			);
			runOnlyForDeploymentPostprocessing = 0;
		};
/* End PBXSourcesBuildPhase section */

/* Begin PBXVariantGroup section */
		EDB167392387E87C00962BE1 /* Main.storyboard */ = {
			isa = PBXVariantGroup;
			children = (
				EDB1673A2387E87C00962BE1 /* Base */,
			);
			name = Main.storyboard;
			sourceTree = "<group>";
		};
		EDB1673E2387E87D00962BE1 /* LaunchScreen.storyboard */ = {
			isa = PBXVariantGroup;
			children = (
				EDB1673F2387E87D00962BE1 /* Base */,
			);
			name = LaunchScreen.storyboard;
			sourceTree = "<group>";
		};
/* End PBXVariantGroup section */

/* Begin XCBuildConfiguration section */
		EDB167422387E87D00962BE1 /* Debug */ = {
			isa = XCBuildConfiguration;
			buildSettings = {
				ALWAYS_SEARCH_USER_PATHS = NO;
				CLANG_ANALYZER_NONNULL = YES;
				CLANG_ANALYZER_NUMBER_OBJECT_CONVERSION = YES_AGGRESSIVE;
				CLANG_CXX_LANGUAGE_STANDARD = "gnu++14";
				CLANG_CXX_LIBRARY = "libc++";
				CLANG_ENABLE_MODULES = YES;
				CLANG_ENABLE_OBJC_ARC = YES;
				CLANG_ENABLE_OBJC_WEAK = YES;
				CLANG_WARN_BLOCK_CAPTURE_AUTORELEASING = YES;
				CLANG_WARN_BOOL_CONVERSION = YES;
				CLANG_WARN_COMMA = YES;
				CLANG_WARN_CONSTANT_CONVERSION = YES;
				CLANG_WARN_DEPRECATED_OBJC_IMPLEMENTATIONS = YES;
				CLANG_WARN_DIRECT_OBJC_ISA_USAGE = YES_ERROR;
				CLANG_WARN_DOCUMENTATION_COMMENTS = YES;
				CLANG_WARN_EMPTY_BODY = YES;
				CLANG_WARN_ENUM_CONVERSION = YES;
				CLANG_WARN_INFINITE_RECURSION = YES;
				CLANG_WARN_INT_CONVERSION = YES;
				CLANG_WARN_NON_LITERAL_NULL_CONVERSION = YES;
				CLANG_WARN_OBJC_IMPLICIT_RETAIN_SELF = YES;
				CLANG_WARN_OBJC_LITERAL_CONVERSION = YES;
				CLANG_WARN_OBJC_ROOT_CLASS = YES_ERROR;
				CLANG_WARN_RANGE_LOOP_ANALYSIS = YES;
				CLANG_WARN_STRICT_PROTOTYPES = YES;
				CLANG_WARN_SUSPICIOUS_MOVE = YES;
				CLANG_WARN_UNGUARDED_AVAILABILITY = YES_AGGRESSIVE;
				CLANG_WARN_UNREACHABLE_CODE = YES;
				CLANG_WARN__DUPLICATE_METHOD_MATCH = YES;
				COPY_PHASE_STRIP = NO;
				DEBUG_INFORMATION_FORMAT = dwarf;
				ENABLE_STRICT_OBJC_MSGSEND = YES;
				ENABLE_TESTABILITY = YES;
				GCC_C_LANGUAGE_STANDARD = gnu11;
				GCC_DYNAMIC_NO_PIC = NO;
				GCC_NO_COMMON_BLOCKS = YES;
				GCC_OPTIMIZATION_LEVEL = 0;
				GCC_PREPROCESSOR_DEFINITIONS = (
					"DEBUG=1",
					"$(inherited)",
				);
				GCC_WARN_64_TO_32_BIT_CONVERSION = YES;
				GCC_WARN_ABOUT_RETURN_TYPE = YES_ERROR;
				GCC_WARN_UNDECLARED_SELECTOR = YES;
				GCC_WARN_UNINITIALIZED_AUTOS = YES_AGGRESSIVE;
				GCC_WARN_UNUSED_FUNCTION = YES;
				GCC_WARN_UNUSED_VARIABLE = YES;
				IPHONEOS_DEPLOYMENT_TARGET = 13.1;
				MTL_ENABLE_DEBUG_INFO = INCLUDE_SOURCE;
				MTL_FAST_MATH = YES;
				ONLY_ACTIVE_ARCH = YES;
				SDKROOT = iphoneos;
				SWIFT_ACTIVE_COMPILATION_CONDITIONS = DEBUG;
				SWIFT_OPTIMIZATION_LEVEL = "-Onone";
			};
			name = Debug;
		};
		EDB167432387E87D00962BE1 /* Release */ = {
			isa = XCBuildConfiguration;
			buildSettings = {
				ALWAYS_SEARCH_USER_PATHS = NO;
				CLANG_ANALYZER_NONNULL = YES;
				CLANG_ANALYZER_NUMBER_OBJECT_CONVERSION = YES_AGGRESSIVE;
				CLANG_CXX_LANGUAGE_STANDARD = "gnu++14";
				CLANG_CXX_LIBRARY = "libc++";
				CLANG_ENABLE_MODULES = YES;
				CLANG_ENABLE_OBJC_ARC = YES;
				CLANG_ENABLE_OBJC_WEAK = YES;
				CLANG_WARN_BLOCK_CAPTURE_AUTORELEASING = YES;
				CLANG_WARN_BOOL_CONVERSION = YES;
				CLANG_WARN_COMMA = YES;
				CLANG_WARN_CONSTANT_CONVERSION = YES;
				CLANG_WARN_DEPRECATED_OBJC_IMPLEMENTATIONS = YES;
				CLANG_WARN_DIRECT_OBJC_ISA_USAGE = YES_ERROR;
				CLANG_WARN_DOCUMENTATION_COMMENTS = YES;
				CLANG_WARN_EMPTY_BODY = YES;
				CLANG_WARN_ENUM_CONVERSION = YES;
				CLANG_WARN_INFINITE_RECURSION = YES;
				CLANG_WARN_INT_CONVERSION = YES;
				CLANG_WARN_NON_LITERAL_NULL_CONVERSION = YES;
				CLANG_WARN_OBJC_IMPLICIT_RETAIN_SELF = YES;
				CLANG_WARN_OBJC_LITERAL_CONVERSION = YES;
				CLANG_WARN_OBJC_ROOT_CLASS = YES_ERROR;
				CLANG_WARN_RANGE_LOOP_ANALYSIS = YES;
				CLANG_WARN_STRICT_PROTOTYPES = YES;
				CLANG_WARN_SUSPICIOUS_MOVE = YES;
				CLANG_WARN_UNGUARDED_AVAILABILITY = YES_AGGRESSIVE;
				CLANG_WARN_UNREACHABLE_CODE = YES;
				CLANG_WARN__DUPLICATE_METHOD_MATCH = YES;
				COPY_PHASE_STRIP = NO;
				DEBUG_INFORMATION_FORMAT = "dwarf-with-dsym";
				ENABLE_NS_ASSERTIONS = NO;
				ENABLE_STRICT_OBJC_MSGSEND = YES;
				GCC_C_LANGUAGE_STANDARD = gnu11;
				GCC_NO_COMMON_BLOCKS = YES;
				GCC_WARN_64_TO_32_BIT_CONVERSION = YES;
				GCC_WARN_ABOUT_RETURN_TYPE = YES_ERROR;
				GCC_WARN_UNDECLARED_SELECTOR = YES;
				GCC_WARN_UNINITIALIZED_AUTOS = YES_AGGRESSIVE;
				GCC_WARN_UNUSED_FUNCTION = YES;
				GCC_WARN_UNUSED_VARIABLE = YES;
				IPHONEOS_DEPLOYMENT_TARGET = 13.1;
				MTL_ENABLE_DEBUG_INFO = NO;
				MTL_FAST_MATH = YES;
				SDKROOT = iphoneos;
				SWIFT_COMPILATION_MODE = wholemodule;
				SWIFT_OPTIMIZATION_LEVEL = "-O";
				VALIDATE_PRODUCT = YES;
			};
			name = Release;
		};
		EDB167452387E87D00962BE1 /* Debug */ = {
			isa = XCBuildConfiguration;
			baseConfigurationReference = C9AE313C75E03F39417CC882 /* Pods-Todoey.debug.xcconfig */;
			buildSettings = {
				ASSETCATALOG_COMPILER_APPICON_NAME = AppIcon;
				CODE_SIGN_STYLE = Automatic;
				INFOPLIST_FILE = Todoey/Info.plist;
				LD_RUNPATH_SEARCH_PATHS = (
					"$(inherited)",
					"@executable_path/Frameworks",
				);
				PRODUCT_BUNDLE_IDENTIFIER = com.khislatjon.Todoey;
				PRODUCT_NAME = "$(TARGET_NAME)";
				SWIFT_VERSION = 5.0;
				TARGETED_DEVICE_FAMILY = "1,2";
			};
			name = Debug;
		};
		EDB167462387E87D00962BE1 /* Release */ = {
			isa = XCBuildConfiguration;
			baseConfigurationReference = AD5E84575C753552BE0BE16E /* Pods-Todoey.release.xcconfig */;
			buildSettings = {
				ASSETCATALOG_COMPILER_APPICON_NAME = AppIcon;
				CODE_SIGN_STYLE = Automatic;
				INFOPLIST_FILE = Todoey/Info.plist;
				LD_RUNPATH_SEARCH_PATHS = (
					"$(inherited)",
					"@executable_path/Frameworks",
				);
				PRODUCT_BUNDLE_IDENTIFIER = com.khislatjon.Todoey;
				PRODUCT_NAME = "$(TARGET_NAME)";
				SWIFT_VERSION = 5.0;
				TARGETED_DEVICE_FAMILY = "1,2";
			};
			name = Release;
		};
/* End XCBuildConfiguration section */

/* Begin XCConfigurationList section */
		EDB1672B2387E87C00962BE1 /* Build configuration list for PBXProject "Todoey" */ = {
			isa = XCConfigurationList;
			buildConfigurations = (
				EDB167422387E87D00962BE1 /* Debug */,
				EDB167432387E87D00962BE1 /* Release */,
			);
			defaultConfigurationIsVisible = 0;
			defaultConfigurationName = Release;
		};
		EDB167442387E87D00962BE1 /* Build configuration list for PBXNativeTarget "Todoey" */ = {
			isa = XCConfigurationList;
			buildConfigurations = (
				EDB167452387E87D00962BE1 /* Debug */,
				EDB167462387E87D00962BE1 /* Release */,
			);
			defaultConfigurationIsVisible = 0;
			defaultConfigurationName = Release;
		};
/* End XCConfigurationList section */
	};
	rootObject = EDB167282387E87C00962BE1 /* Project object */;
}
